{
  "version": 4,
  "terraform_version": "1.13.1",
  "serial": 53,
  "lineage": "e3aead6c-033b-66eb-1d4d-a47213db4b18",
  "outputs": {
    "api_url": {
      "value": "https://api.monster937.com",
      "type": "string"
    },
    "cloudflare_zone_id": {
      "value": "28bc70eab4b8e1b4cb89211cea1b173b",
      "type": "string"
    },
    "d1_database_id": {
      "value": "cca03fd3-c5dc-4e39-b7bb-d1d2a901bdec",
      "type": "string"
    },
    "pages_project_name": {
      "value": "resumecloudflare",
      "type": "string"
    },
    "r2_bucket_name": {
      "value": "resume-assets",
      "type": "string"
    },
    "website_url": {
      "value": "https://monster937.com",
      "type": "string"
    }
  },
  "resources": [
    {
      "mode": "data",
      "type": "cloudflare_zone",
      "name": "main",
      "provider": "provider[\"registry.terraform.io/cloudflare/cloudflare\"]",
      "instances": [
        {
          "schema_version": 0,
          "attributes": {
            "account_id": "063e5a0db7319549f57e6975aa596d36",
            "id": "28bc70eab4b8e1b4cb89211cea1b173b",
            "name": "monster937.com",
            "name_servers": [
              "jim.ns.cloudflare.com",
              "mia.ns.cloudflare.com"
            ],
            "paused": false,
            "plan": "Free Website",
            "status": "active",
            "vanity_name_servers": [],
            "zone_id": "28bc70eab4b8e1b4cb89211cea1b173b"
          },
          "sensitive_attributes": [],
          "identity_schema_version": 0
        }
      ]
    },
    {
      "mode": "managed",
      "type": "cloudflare_d1_database",
      "name": "auth_db",
      "provider": "provider[\"registry.terraform.io/cloudflare/cloudflare\"]",
      "instances": [
        {
          "schema_version": 0,
          "attributes": {
            "account_id": "063e5a0db7319549f57e6975aa596d36",
            "id": "cca03fd3-c5dc-4e39-b7bb-d1d2a901bdec",
            "name": "resume-auth-db",
            "version": "production"
          },
          "sensitive_attributes": [],
          "identity_schema_version": 0
        }
      ]
    },
    {
      "mode": "managed",
      "type": "cloudflare_pages_domain",
      "name": "resume_domain",
      "provider": "provider[\"registry.terraform.io/cloudflare/cloudflare\"]",
      "instances": [
        {
          "schema_version": 0,
          "attributes": {
            "account_id": "063e5a0db7319549f57e6975aa596d36",
            "domain": "monster937.com",
            "id": "5c75ffc9-1c4b-4dad-b324-fb370169f78b",
            "project_name": "resumecloudflare",
            "status": "pending"
          },
          "sensitive_attributes": [],
          "identity_schema_version": 0,
          "private": "bnVsbA==",
          "dependencies": [
            "cloudflare_pages_project.resume_site"
          ]
        }
      ]
    },
    {
      "mode": "managed",
      "type": "cloudflare_pages_domain",
      "name": "resume_domain_www",
      "provider": "provider[\"registry.terraform.io/cloudflare/cloudflare\"]",
      "instances": [
        {
          "schema_version": 0,
          "attributes": {
            "account_id": "063e5a0db7319549f57e6975aa596d36",
            "domain": "www.monster937.com",
            "id": "2c22280f-b739-4a7c-a00f-d6d83865f9ae",
            "project_name": "resumecloudflare",
            "status": "pending"
          },
          "sensitive_attributes": [],
          "identity_schema_version": 0,
          "private": "bnVsbA==",
          "dependencies": [
            "cloudflare_pages_project.resume_site"
          ]
        }
      ]
    },
    {
      "mode": "managed",
      "type": "cloudflare_pages_project",
      "name": "resume_site",
      "provider": "provider[\"registry.terraform.io/cloudflare/cloudflare\"]",
      "instances": [
        {
          "schema_version": 0,
          "attributes": {
            "account_id": "063e5a0db7319549f57e6975aa596d36",
            "build_config": [
              {
                "build_caching": false,
                "build_command": "npm run build",
                "destination_dir": "public",
                "root_dir": "",
                "web_analytics_tag": "",
                "web_analytics_token": ""
              }
            ],
            "created_on": "2025-09-30T19:45:41Z",
            "deployment_configs": [
              {
                "preview": [
                  {
                    "always_use_latest_compatibility_date": false,
                    "compatibility_date": "2025-09-30",
                    "compatibility_flags": [],
                    "d1_databases": {},
                    "durable_object_namespaces": {},
                    "environment_variables": {},
                    "fail_open": false,
                    "kv_namespaces": {},
                    "placement": [],
                    "r2_buckets": {},
                    "secrets": {},
                    "service_binding": [],
                    "usage_model": "standard"
                  }
                ],
                "production": [
                  {
                    "always_use_latest_compatibility_date": false,
                    "compatibility_date": "2025-09-30",
                    "compatibility_flags": [],
                    "d1_databases": {},
                    "durable_object_namespaces": {},
                    "environment_variables": {
                      "NODE_VERSION": "18"
                    },
                    "fail_open": false,
                    "kv_namespaces": {},
                    "placement": [
                      {
                        "mode": ""
                      }
                    ],
                    "r2_buckets": {},
                    "secrets": {},
                    "service_binding": [],
                    "usage_model": "bundled"
                  }
                ]
              }
            ],
            "domains": [
              "resumecloudflare.pages.dev",
              "monster937.com",
              "www.monster937.com"
            ],
            "id": "resumecloudflare",
            "name": "resumecloudflare",
            "production_branch": "main",
            "source": [],
            "subdomain": "resumecloudflare.pages.dev"
          },
          "sensitive_attributes": [
            [
              {
                "type": "get_attr",
                "value": "deployment_configs"
              },
              {
                "type": "index",
                "value": {
                  "value": 0,
                  "type": "number"
                }
              },
              {
                "type": "get_attr",
                "value": "preview"
              },
              {
                "type": "index",
                "value": {
                  "value": 0,
                  "type": "number"
                }
              },
              {
                "type": "get_attr",
                "value": "secrets"
              }
            ],
            [
              {
                "type": "get_attr",
                "value": "deployment_configs"
              },
              {
                "type": "index",
                "value": {
                  "value": 0,
                  "type": "number"
                }
              },
              {
                "type": "get_attr",
                "value": "production"
              },
              {
                "type": "index",
                "value": {
                  "value": 0,
                  "type": "number"
                }
              },
              {
                "type": "get_attr",
                "value": "secrets"
              }
            ]
          ],
          "identity_schema_version": 0,
          "private": "bnVsbA=="
        }
      ]
    },
    {
      "mode": "managed",
      "type": "cloudflare_r2_bucket",
      "name": "assets_bucket",
      "provider": "provider[\"registry.terraform.io/cloudflare/cloudflare\"]",
      "instances": [
        {
          "schema_version": 0,
          "attributes": {
            "account_id": "063e5a0db7319549f57e6975aa596d36",
            "id": "resume-assets",
            "location": "WNAM",
            "name": "resume-assets"
          },
          "sensitive_attributes": [],
          "identity_schema_version": 0
        }
      ]
    },
    {
      "mode": "managed",
      "type": "cloudflare_record",
      "name": "root_domain",
      "provider": "provider[\"registry.terraform.io/cloudflare/cloudflare\"]",
      "instances": [
        {
          "schema_version": 3,
          "attributes": {
            "allow_overwrite": false,
            "comment": "",
            "content": "resumecloudflare.pages.dev",
            "created_on": "2025-09-30T20:38:44.291192Z",
            "data": [],
            "hostname": "monster937.com",
            "id": "405297c2a20dc7d55af88b644bd01771",
            "metadata": {},
            "modified_on": "2025-09-30T20:38:44.291192Z",
            "name": "monster937.com",
            "priority": null,
            "proxiable": true,
            "proxied": true,
            "tags": null,
            "timeouts": null,
            "ttl": 1,
            "type": "CNAME",
            "value": null,
            "zone_id": "28bc70eab4b8e1b4cb89211cea1b173b"
          },
          "sensitive_attributes": [],
          "identity_schema_version": 0,
          "private": "eyJlMmJmYjczMC1lY2FhLTExZTYtOGY4OC0zNDM2M2JjN2M0YzAiOnsiY3JlYXRlIjozMDAwMDAwMDAwMCwidXBkYXRlIjozMDAwMDAwMDAwMH0sInNjaGVtYV92ZXJzaW9uIjoiMyJ9",
          "dependencies": [
            "cloudflare_pages_project.resume_site",
            "data.cloudflare_zone.main"
          ]
        }
      ]
    },
    {
      "mode": "managed",
      "type": "cloudflare_record",
      "name": "www_domain",
      "provider": "provider[\"registry.terraform.io/cloudflare/cloudflare\"]",
      "instances": [
        {
          "schema_version": 3,
          "attributes": {
            "allow_overwrite": false,
            "comment": "",
            "content": "resumecloudflare.pages.dev",
            "created_on": "2025-09-30T20:38:44.145762Z",
            "data": [],
            "hostname": "www.monster937.com",
            "id": "b92f7df4a73ed26791db8626945632df",
            "metadata": {},
            "modified_on": "2025-09-30T20:38:44.145762Z",
            "name": "www",
            "priority": null,
            "proxiable": true,
            "proxied": true,
            "tags": null,
            "timeouts": null,
            "ttl": 1,
            "type": "CNAME",
            "value": null,
            "zone_id": "28bc70eab4b8e1b4cb89211cea1b173b"
          },
          "sensitive_attributes": [],
          "identity_schema_version": 0,
          "private": "eyJlMmJmYjczMC1lY2FhLTExZTYtOGY4OC0zNDM2M2JjN2M0YzAiOnsiY3JlYXRlIjozMDAwMDAwMDAwMCwidXBkYXRlIjozMDAwMDAwMDAwMH0sInNjaGVtYV92ZXJzaW9uIjoiMyJ9",
          "dependencies": [
            "cloudflare_pages_project.resume_site",
            "data.cloudflare_zone.main"
          ]
        }
      ]
    },
    {
      "mode": "managed",
      "type": "cloudflare_workers_script",
      "name": "auth_api",
      "provider": "provider[\"registry.terraform.io/cloudflare/cloudflare\"]",
      "instances": [
        {
          "schema_version": 0,
          "attributes": {
            "account_id": "063e5a0db7319549f57e6975aa596d36",
            "analytics_engine_binding": [],
            "compatibility_date": null,
            "compatibility_flags": [],
            "content": "export default {\n  async fetch(request, env, ctx) {\n    const url = new URL(request.url);\n    const path = url.pathname;\n    \n    // CORS headers\n    const corsHeaders = {\n      'Access-Control-Allow-Origin': '*',\n      'Access-Control-Allow-Methods': 'GET, POST, PUT, DELETE, OPTIONS',\n      'Access-Control-Allow-Headers': 'Content-Type, Authorization',\n    };\n    \n    if (request.method === 'OPTIONS') {\n      return new Response(null, { headers: corsHeaders });\n    }\n    \n    // Simple API endpoint\n    if (path === '/api/test') {\n      return new Response(JSON.stringify({ message: 'Worker is working!' }), {\n        headers: { ...corsHeaders, 'Content-Type': 'application/json' }\n      });\n    }\n    \n    return new Response('Not Found', { status: 404, headers: corsHeaders });\n  }\n};",
            "d1_database_binding": [],
            "dispatch_namespace": null,
            "hyperdrive_config_binding": [],
            "id": "resume-website-terraform",
            "kv_namespace_binding": [],
            "logpush": null,
            "module": true,
            "name": "resume-website-terraform",
            "placement": [],
            "plain_text_binding": [
              {
                "name": "ADMIN_EMAIL",
                "text": "fasthd97@gmail.com"
              },
              {
                "name": "JWT_SECRET",
                "text": "YIpRkpj72+F4dKYiytdc7pEUVpxEV/SfuB/pkBOBj0g="
              }
            ],
            "queue_binding": [],
            "r2_bucket_binding": [],
            "secret_text_binding": [],
            "service_binding": [],
            "tags": [],
            "webassembly_binding": []
          },
          "sensitive_attributes": [
            [
              {
                "type": "get_attr",
                "value": "plain_text_binding"
              }
            ]
          ],
          "identity_schema_version": 0,
          "private": "bnVsbA=="
        }
      ]
    },
    {
      "mode": "managed",
      "type": "random_id",
      "name": "bucket_suffix",
      "provider": "provider[\"registry.terraform.io/hashicorp/random\"]",
      "instances": [
        {
          "schema_version": 0,
          "attributes": {
            "b64_std": "dccspQ==",
            "b64_url": "dccspQ",
            "byte_length": 4,
            "dec": "1975987365",
            "hex": "75c72ca5",
            "id": "dccspQ",
            "keepers": null,
            "prefix": null
          },
          "sensitive_attributes": [],
          "identity_schema_version": 0
        }
      ]
    }
  ],
  "check_results": null
}
